
Microsoft Visual Studio Solution File, Format Version 12.00
# Visual Studio Version 17
VisualStudioVersion = 17.14.36221.1
MinimumVisualStudioVersion = 10.0.40219.1
Project("{2150E333-8FDC-42A3-9474-1A3956D46DE8}") = "src", "src", "{02EA681E-C7D8-13C7-8484-4AC65E1B71E8}"
EndProject
Project("{2150E333-8FDC-42A3-9474-1A3956D46DE8}") = "tests", "tests", "{697CA71D-04AD-4A1D-9ACF-2B8BBD50BDF9}"
EndProject
Project("{FAE04EC0-301F-11D3-BF4B-00C04F79EFBC}") = "EventsManager.Application", "src\EventsManager.Application\EventsManager.Application.csproj", "{C5644091-4D08-0091-4E66-2534F9FF3BBC}"
EndProject
Project("{2150E333-8FDC-42A3-9474-1A3956D46DE8}") = "Solution Items", "Solution Items", "{74C43E86-5C18-4A26-B80B-DB709026BB64}"
	ProjectSection(SolutionItems) = preProject
		serverless.template = serverless.template
	EndProjectSection
EndProject
Project("{2150E333-8FDC-42A3-9474-1A3956D46DE8}") = "workflows", "workflows", "{50E61AC8-BCE2-4C26-9E41-9A93E7352A0A}"
	ProjectSection(SolutionItems) = preProject
		.github\workflows\build-and-deploy.yml = .github\workflows\build-and-deploy.yml
	EndProjectSection
EndProject
Global
	GlobalSection(SolutionConfigurationPlatforms) = preSolution
		Debug|Any CPU = Debug|Any CPU
		Release|Any CPU = Release|Any CPU
	EndGlobalSection
	GlobalSection(ProjectConfigurationPlatforms) = postSolution
		{C5644091-4D08-0091-4E66-2534F9FF3BBC}.Debug|Any CPU.ActiveCfg = Debug|Any CPU
		{C5644091-4D08-0091-4E66-2534F9FF3BBC}.Debug|Any CPU.Build.0 = Debug|Any CPU
		{C5644091-4D08-0091-4E66-2534F9FF3BBC}.Release|Any CPU.ActiveCfg = Release|Any CPU
		{C5644091-4D08-0091-4E66-2534F9FF3BBC}.Release|Any CPU.Build.0 = Release|Any CPU
	EndGlobalSection
	GlobalSection(SolutionProperties) = preSolution
		HideSolutionNode = FALSE
	EndGlobalSection
	GlobalSection(NestedProjects) = preSolution
		{C5644091-4D08-0091-4E66-2534F9FF3BBC} = {02EA681E-C7D8-13C7-8484-4AC65E1B71E8}
		{50E61AC8-BCE2-4C26-9E41-9A93E7352A0A} = {74C43E86-5C18-4A26-B80B-DB709026BB64}
	EndGlobalSection
	GlobalSection(ExtensibilityGlobals) = postSolution
		SolutionGuid = {41152E86-0477-4B84-8928-409A94A8C188}
	EndGlobalSection
EndGlobal
